
Microsoft Visual Studio Solution File, Format Version 12.00
# Visual Studio Version 16
VisualStudioVersion = 16.0.29509.3
MinimumVisualStudioVersion = 10.0.40219.1
Project("{FAE04EC0-301F-11D3-BF4B-00C04F79EFBC}") = "Simple", "Simple\Simple.csproj", "{4A6DC74C-6A2D-48B4-BB1E-6B4B3A75F32B}"
EndProject
Global
	GlobalSection(SolutionConfigurationPlatforms) = preSolution
		Debug|Any CPU = Debug|Any CPU
		Release|Any CPU = Release|Any CPU
	EndGlobalSection
	GlobalSection(ProjectConfigurationPlatforms) = postSolution
		{4A6DC74C-6A2D-48B4-BB1E-6B4B3A75F32B}.Debug|Any CPU.ActiveCfg = Debug|Any CPU
		{4A6DC74C-6A2D-48B4-BB1E-6B4B3A75F32B}.Debug|Any CPU.Build.0 = Debug|Any CPU
		{4A6DC74C-6A2D-48B4-BB1E-6B4B3A75F32B}.Release|Any CPU.ActiveCfg = Release|Any CPU
		{4A6DC74C-6A2D-48B4-BB1E-6B4B3A75F32B}.Release|Any CPU.Build.0 = Release|Any CPU
	EndGlobalSection
	GlobalSection(SolutionProperties) = preSolution
		HideSolutionNode = FALSE
	EndGlobalSection
	GlobalSection(ExtensibilityGlobals) = postSolution
		SolutionGuid = {CB6AF2A2-6D25-4D67-A1DB-FFC8B69BE3E3}
	EndGlobalSection
EndGlobal
